
Microsoft Visual Studio Solution File, Format Version 12.00
Project("{FAE04EC0-301F-11D3-BF4B-00C04F79EFBC}") = "CSharp_LAB_2", "CSharp_LAB_2\CSharp_LAB_2.csproj", "{9691F557-64AA-43D8-9E88-962AAD99DE9B}"
EndProject
Global
	GlobalSection(SolutionConfigurationPlatforms) = preSolution
		Debug|Any CPU = Debug|Any CPU
		Release|Any CPU = Release|Any CPU
	EndGlobalSection
	GlobalSection(ProjectConfigurationPlatforms) = postSolution
		{9691F557-64AA-43D8-9E88-962AAD99DE9B}.Debug|Any CPU.ActiveCfg = Debug|Any CPU
		{9691F557-64AA-43D8-9E88-962AAD99DE9B}.Debug|Any CPU.Build.0 = Debug|Any CPU
		{9691F557-64AA-43D8-9E88-962AAD99DE9B}.Release|Any CPU.ActiveCfg = Release|Any CPU
		{9691F557-64AA-43D8-9E88-962AAD99DE9B}.Release|Any CPU.Build.0 = Release|Any CPU
	EndGlobalSection
EndGlobal
